// !$*UTF8*$!
{
	archiveVersion = 1;
	classes = {
	};
	objectVersion = 46;
	objects = {

/* Begin PBXBuildFile section */
		34CAEC7B1B9C72150085EF29 /* main.m in Sources */ = {isa = PBXBuildFile; fileRef = 34CAEC7A1B9C72150085EF29 /* main.m */; };
		34CAEC7E1B9C72150085EF29 /* AppDelegate.m in Sources */ = {isa = PBXBuildFile; fileRef = 34CAEC7D1B9C72150085EF29 /* AppDelegate.m */; };
		34CAEC811B9C72150085EF29 /* ViewController.m in Sources */ = {isa = PBXBuildFile; fileRef = 34CAEC801B9C72150085EF29 /* ViewController.m */; };
		34CAEC861B9C72150085EF29 /* Images.xcassets in Resources */ = {isa = PBXBuildFile; fileRef = 34CAEC851B9C72150085EF29 /* Images.xcassets */; };
		34CAEC891B9C72150085EF29 /* LaunchScreen.xib in Resources */ = {isa = PBXBuildFile; fileRef = 34CAEC871B9C72150085EF29 /* LaunchScreen.xib */; };
		34CAEC951B9C72160085EF29 /* ViewLifecycleTests.m in Sources */ = {isa = PBXBuildFile; fileRef = 34CAEC941B9C72160085EF29 /* ViewLifecycleTests.m */; };
		34CAECA01B9C724F0085EF29 /* MyViewController.m in Sources */ = {isa = PBXBuildFile; fileRef = 34CAEC9F1B9C724F0085EF29 /* MyViewController.m */; };
		34CAECA31B9C7AFA0085EF29 /* UIView+MISVFL.m in Sources */ = {isa = PBXBuildFile; fileRef = 34CAECA21B9C7AFA0085EF29 /* UIView+MISVFL.m */; };
/* End PBXBuildFile section */

/* Begin PBXContainerItemProxy section */
		34CAEC8F1B9C72160085EF29 /* PBXContainerItemProxy */ = {
			isa = PBXContainerItemProxy;
			containerPortal = 34CAEC6D1B9C72150085EF29 /* Project object */;
			proxyType = 1;
			remoteGlobalIDString = 34CAEC741B9C72150085EF29;
			remoteInfo = ViewLifecycle;
		};
/* End PBXContainerItemProxy section */

/* Begin PBXFileReference section */
		34CAEC751B9C72150085EF29 /* ViewLifecycle.app */ = {isa = PBXFileReference; explicitFileType = wrapper.application; includeInIndex = 0; path = ViewLifecycle.app; sourceTree = BUILT_PRODUCTS_DIR; };
		34CAEC791B9C72150085EF29 /* Info.plist */ = {isa = PBXFileReference; lastKnownFileType = text.plist.xml; path = Info.plist; sourceTree = "<group>"; };
		34CAEC7A1B9C72150085EF29 /* main.m */ = {isa = PBXFileReference; lastKnownFileType = sourcecode.c.objc; path = main.m; sourceTree = "<group>"; };
		34CAEC7C1B9C72150085EF29 /* AppDelegate.h */ = {isa = PBXFileReference; lastKnownFileType = sourcecode.c.h; path = AppDelegate.h; sourceTree = "<group>"; };
		34CAEC7D1B9C72150085EF29 /* AppDelegate.m */ = {isa = PBXFileReference; lastKnownFileType = sourcecode.c.objc; path = AppDelegate.m; sourceTree = "<group>"; };
		34CAEC7F1B9C72150085EF29 /* ViewController.h */ = {isa = PBXFileReference; lastKnownFileType = sourcecode.c.h; path = ViewController.h; sourceTree = "<group>"; };
		34CAEC801B9C72150085EF29 /* ViewController.m */ = {isa = PBXFileReference; lastKnownFileType = sourcecode.c.objc; path = ViewController.m; sourceTree = "<group>"; };
		34CAEC851B9C72150085EF29 /* Images.xcassets */ = {isa = PBXFileReference; lastKnownFileType = folder.assetcatalog; path = Images.xcassets; sourceTree = "<group>"; };
		34CAEC881B9C72150085EF29 /* Base */ = {isa = PBXFileReference; lastKnownFileType = file.xib; name = Base; path = Base.lproj/LaunchScreen.xib; sourceTree = "<group>"; };
		34CAEC8E1B9C72160085EF29 /* ViewLifecycleTests.xctest */ = {isa = PBXFileReference; explicitFileType = wrapper.cfbundle; includeInIndex = 0; path = ViewLifecycleTests.xctest; sourceTree = BUILT_PRODUCTS_DIR; };
		34CAEC931B9C72160085EF29 /* Info.plist */ = {isa = PBXFileReference; lastKnownFileType = text.plist.xml; path = Info.plist; sourceTree = "<group>"; };
		34CAEC941B9C72160085EF29 /* ViewLifecycleTests.m */ = {isa = PBXFileReference; lastKnownFileType = sourcecode.c.objc; path = ViewLifecycleTests.m; sourceTree = "<group>"; };
		34CAEC9E1B9C724F0085EF29 /* MyViewController.h */ = {isa = PBXFileReference; fileEncoding = 4; lastKnownFileType = sourcecode.c.h; path = MyViewController.h; sourceTree = "<group>"; };
		34CAEC9F1B9C724F0085EF29 /* MyViewController.m */ = {isa = PBXFileReference; fileEncoding = 4; lastKnownFileType = sourcecode.c.objc; path = MyViewController.m; sourceTree = "<group>"; };
		34CAECA11B9C7AFA0085EF29 /* UIView+MISVFL.h */ = {isa = PBXFileReference; fileEncoding = 4; lastKnownFileType = sourcecode.c.h; path = "UIView+MISVFL.h"; sourceTree = "<group>"; };
		34CAECA21B9C7AFA0085EF29 /* UIView+MISVFL.m */ = {isa = PBXFileReference; fileEncoding = 4; lastKnownFileType = sourcecode.c.objc; path = "UIView+MISVFL.m"; sourceTree = "<group>"; };
/* End PBXFileReference section */

/* Begin PBXFrameworksBuildPhase section */
		34CAEC721B9C72150085EF29 /* Frameworks */ = {
			isa = PBXFrameworksBuildPhase;
			buildActionMask = 2147483647;
			files = (
			);
			runOnlyForDeploymentPostprocessing = 0;
		};
		34CAEC8B1B9C72160085EF29 /* Frameworks */ = {
			isa = PBXFrameworksBuildPhase;
			buildActionMask = 2147483647;
			files = (
			);
			runOnlyForDeploymentPostprocessing = 0;
		};
/* End PBXFrameworksBuildPhase section */

/* Begin PBXGroup section */
		34CAEC6C1B9C72150085EF29 = {
			isa = PBXGroup;
			children = (
				34CAEC771B9C72150085EF29 /* ViewLifecycle */,
				34CAEC911B9C72160085EF29 /* ViewLifecycleTests */,
				34CAEC761B9C72150085EF29 /* Products */,
			);
			sourceTree = "<group>";
		};
		34CAEC761B9C72150085EF29 /* Products */ = {
			isa = PBXGroup;
			children = (
				34CAEC751B9C72150085EF29 /* ViewLifecycle.app */,
				34CAEC8E1B9C72160085EF29 /* ViewLifecycleTests.xctest */,
			);
			name = Products;
			sourceTree = "<group>";
		};
		34CAEC771B9C72150085EF29 /* ViewLifecycle */ = {
			isa = PBXGroup;
			children = (
				34CAEC7C1B9C72150085EF29 /* AppDelegate.h */,
				34CAEC7D1B9C72150085EF29 /* AppDelegate.m */,
				34CAEC7F1B9C72150085EF29 /* ViewController.h */,
				34CAEC801B9C72150085EF29 /* ViewController.m */,
				34CAEC9E1B9C724F0085EF29 /* MyViewController.h */,
				34CAEC9F1B9C724F0085EF29 /* MyViewController.m */,
				34CAEC851B9C72150085EF29 /* Images.xcassets */,
				34CAEC871B9C72150085EF29 /* LaunchScreen.xib */,
				34CAEC781B9C72150085EF29 /* Supporting Files */,
				34CAECA11B9C7AFA0085EF29 /* UIView+MISVFL.h */,
				34CAECA21B9C7AFA0085EF29 /* UIView+MISVFL.m */,
			);
			path = ViewLifecycle;
			sourceTree = "<group>";
		};
		34CAEC781B9C72150085EF29 /* Supporting Files */ = {
			isa = PBXGroup;
			children = (
				34CAEC791B9C72150085EF29 /* Info.plist */,
				34CAEC7A1B9C72150085EF29 /* main.m */,
			);
			name = "Supporting Files";
			sourceTree = "<group>";
		};
		34CAEC911B9C72160085EF29 /* ViewLifecycleTests */ = {
			isa = PBXGroup;
			children = (
				34CAEC941B9C72160085EF29 /* ViewLifecycleTests.m */,
				34CAEC921B9C72160085EF29 /* Supporting Files */,
			);
			path = ViewLifecycleTests;
			sourceTree = "<group>";
		};
		34CAEC921B9C72160085EF29 /* Supporting Files */ = {
			isa = PBXGroup;
			children = (
				34CAEC931B9C72160085EF29 /* Info.plist */,
			);
			name = "Supporting Files";
			sourceTree = "<group>";
		};
/* End PBXGroup section */

/* Begin PBXNativeTarget section */
		34CAEC741B9C72150085EF29 /* ViewLifecycle */ = {
			isa = PBXNativeTarget;
			buildConfigurationList = 34CAEC981B9C72160085EF29 /* Build configuration list for PBXNativeTarget "ViewLifecycle" */;
			buildPhases = (
				34CAEC711B9C72150085EF29 /* Sources */,
				34CAEC721B9C72150085EF29 /* Frameworks */,
				34CAEC731B9C72150085EF29 /* Resources */,
			);
			buildRules = (
			);
			dependencies = (
			);
			name = ViewLifecycle;
			productName = ViewLifecycle;
			productReference = 34CAEC751B9C72150085EF29 /* ViewLifecycle.app */;
			productType = "com.apple.product-type.application";
		};
		34CAEC8D1B9C72160085EF29 /* ViewLifecycleTests */ = {
			isa = PBXNativeTarget;
			buildConfigurationList = 34CAEC9B1B9C72160085EF29 /* Build configuration list for PBXNativeTarget "ViewLifecycleTests" */;
			buildPhases = (
				34CAEC8A1B9C72160085EF29 /* Sources */,
				34CAEC8B1B9C72160085EF29 /* Frameworks */,
				34CAEC8C1B9C72160085EF29 /* Resources */,
			);
			buildRules = (
			);
			dependencies = (
				34CAEC901B9C72160085EF29 /* PBXTargetDependency */,
			);
			name = ViewLifecycleTests;
			productName = ViewLifecycleTests;
			productReference = 34CAEC8E1B9C72160085EF29 /* ViewLifecycleTests.xctest */;
			productType = "com.apple.product-type.bundle.unit-test";
		};
/* End PBXNativeTarget section */

/* Begin PBXProject section */
		34CAEC6D1B9C72150085EF29 /* Project object */ = {
			isa = PBXProject;
			attributes = {
				LastUpgradeCheck = 0640;
				ORGANIZATIONNAME = Maokebing;
				TargetAttributes = {
					34CAEC741B9C72150085EF29 = {
						CreatedOnToolsVersion = 6.4;
					};
					34CAEC8D1B9C72160085EF29 = {
						CreatedOnToolsVersion = 6.4;
						TestTargetID = 34CAEC741B9C72150085EF29;
					};
				};
			};
			buildConfigurationList = 34CAEC701B9C72150085EF29 /* Build configuration list for PBXProject "ViewLifecycle" */;
			compatibilityVersion = "Xcode 3.2";
			developmentRegion = English;
			hasScannedForEncodings = 0;
			knownRegions = (
				en,
				Base,
			);
			mainGroup = 34CAEC6C1B9C72150085EF29;
			productRefGroup = 34CAEC761B9C72150085EF29 /* Products */;
			projectDirPath = "";
			projectRoot = "";
			targets = (
				34CAEC741B9C72150085EF29 /* ViewLifecycle */,
				34CAEC8D1B9C72160085EF29 /* ViewLifecycleTests */,
			);
		};
/* End PBXProject section */

/* Begin PBXResourcesBuildPhase section */
		34CAEC731B9C72150085EF29 /* Resources */ = {
			isa = PBXResourcesBuildPhase;
			buildActionMask = 2147483647;
			files = (
				34CAEC891B9C72150085EF29 /* LaunchScreen.xib in Resources */,
				34CAEC861B9C72150085EF29 /* Images.xcassets in Resources */,
			);
			runOnlyForDeploymentPostprocessing = 0;
		};
		34CAEC8C1B9C72160085EF29 /* Resources */ = {
			isa = PBXResourcesBuildPhase;
			buildActionMask = 2147483647;
			files = (
			);
			runOnlyForDeploymentPostprocessing = 0;
		};
/* End PBXResourcesBuildPhase section */

/* Begin PBXSourcesBuildPhase section */
		34CAEC711B9C72150085EF29 /* Sources */ = {
			isa = PBXSourcesBuildPhase;
			buildActionMask = 2147483647;
			files = (
				34CAEC811B9C72150085EF29 /* ViewController.m in Sources */,
				34CAECA31B9C7AFA0085EF29 /* UIView+MISVFL.m in Sources */,
				34CAEC7E1B9C72150085EF29 /* AppDelegate.m in Sources */,
				34CAECA01B9C724F0085EF29 /* MyViewController.m in Sources */,
				34CAEC7B1B9C72150085EF29 /* main.m in Sources */,
			);
			runOnlyForDeploymentPostprocessing = 0;
		};
		34CAEC8A1B9C72160085EF29 /* Sources */ = {
			isa = PBXSourcesBuildPhase;
			buildActionMask = 2147483647;
			files = (
				34CAEC951B9C72160085EF29 /* ViewLifecycleTests.m in Sources */,
			);
			runOnlyForDeploymentPostprocessing = 0;
		};
/* End PBXSourcesBuildPhase section */

/* Begin PBXTargetDependency section */
		34CAEC901B9C72160085EF29 /* PBXTargetDependency */ = {
			isa = PBXTargetDependency;
			target = 34CAEC741B9C72150085EF29 /* ViewLifecycle */;
			targetProxy = 34CAEC8F1B9C72160085EF29 /* PBXContainerItemProxy */;
		};
/* End PBXTargetDependency section */

/* Begin PBXVariantGroup section */
		34CAEC871B9C72150085EF29 /* LaunchScreen.xib */ = {
			isa = PBXVariantGroup;
			children = (
				34CAEC881B9C72150085EF29 /* Base */,
			);
			name = LaunchScreen.xib;
			sourceTree = "<group>";
		};
/* End PBXVariantGroup section */

/* Begin XCBuildConfiguration section */
		34CAEC961B9C72160085EF29 /* Debug */ = {
			isa = XCBuildConfiguration;
			buildSettings = {
				ALWAYS_SEARCH_USER_PATHS = NO;
				CLANG_CXX_LANGUAGE_STANDARD = "gnu++0x";
				CLANG_CXX_LIBRARY = "libc++";
				CLANG_ENABLE_MODULES = YES;
				CLANG_ENABLE_OBJC_ARC = YES;
				CLANG_WARN_BOOL_CONVERSION = YES;
				CLANG_WARN_CONSTANT_CONVERSION = YES;
				CLANG_WARN_DIRECT_OBJC_ISA_USAGE = YES_ERROR;
				CLANG_WARN_EMPTY_BODY = YES;
				CLANG_WARN_ENUM_CONVERSION = YES;
				CLANG_WARN_INT_CONVERSION = YES;
				CLANG_WARN_OBJC_ROOT_CLASS = YES_ERROR;
				CLANG_WARN_UNREACHABLE_CODE = YES;
				CLANG_WARN__DUPLICATE_METHOD_MATCH = YES;
				"CODE_SIGN_IDENTITY[sdk=iphoneos*]" = "iPhone Developer";
				COPY_PHASE_STRIP = NO;
				DEBUG_INFORMATION_FORMAT = "dwarf-with-dsym";
				ENABLE_STRICT_OBJC_MSGSEND = YES;
				GCC_C_LANGUAGE_STANDARD = gnu99;
				GCC_DYNAMIC_NO_PIC = NO;
				GCC_NO_COMMON_BLOCKS = YES;
				GCC_OPTIMIZATION_LEVEL = 0;
				GCC_PREPROCESSOR_DEFINITIONS = (
					"DEBUG=1",
					"$(inherited)",
				);
				GCC_SYMBOLS_PRIVATE_EXTERN = NO;
				GCC_WARN_64_TO_32_BIT_CONVERSION = YES;
				GCC_WARN_ABOUT_RETURN_TYPE = YES_ERROR;
				GCC_WARN_UNDECLARED_SELECTOR = YES;
				GCC_WARN_UNINITIALIZED_AUTOS = YES_AGGRESSIVE;
				GCC_WARN_UNUSED_FUNCTION = YES;
				GCC_WARN_UNUSED_VARIABLE = YES;
				IPHONEOS_DEPLOYMENT_TARGET = 8.4;
				MTL_ENABLE_DEBUG_INFO = YES;
				ONLY_ACTIVE_ARCH = YES;
				SDKROOT = iphoneos;
			};
			name = Debug;
		};
		34CAEC971B9C72160085EF29 /* Release */ = {
			isa = XCBuildConfiguration;
			buildSettings = {
				ALWAYS_SEARCH_USER_PATHS = NO;
				CLANG_CXX_LANGUAGE_STANDARD = "gnu++0x";
				CLANG_CXX_LIBRARY = "libc++";
				CLANG_ENABLE_MODULES = YES;
				CLANG_ENABLE_OBJC_ARC = YES;
				CLANG_WARN_BOOL_CONVERSION = YES;
				CLANG_WARN_CONSTANT_CONVERSION = YES;
				CLANG_WARN_DIRECT_OBJC_ISA_USAGE = YES_ERROR;
				CLANG_WARN_EMPTY_BODY = YES;
				CLANG_WARN_ENUM_CONVERSION = YES;
				CLANG_WARN_INT_CONVERSION = YES;
				CLANG_WARN_OBJC_ROOT_CLASS = YES_ERROR;
				CLANG_WARN_UNREACHABLE_CODE = YES;
				CLANG_WARN__DUPLICATE_METHOD_MATCH = YES;
				"CODE_SIGN_IDENTITY[sdk=iphoneos*]" = "iPhone Developer";
				COPY_PHASE_STRIP = NO;
				DEBUG_INFORMATION_FORMAT = "dwarf-with-dsym";
				ENABLE_NS_ASSERTIONS = NO;
				ENABLE_STRICT_OBJC_MSGSEND = YES;
				GCC_C_LANGUAGE_STANDARD = gnu99;
				GCC_NO_COMMON_BLOCKS = YES;
				GCC_WARN_64_TO_32_BIT_CONVERSION = YES;
				GCC_WARN_ABOUT_RETURN_TYPE = YES_ERROR;
				GCC_WARN_UNDECLARED_SELECTOR = YES;
				GCC_WARN_UNINITIALIZED_AUTOS = YES_AGGRESSIVE;
				GCC_WARN_UNUSED_FUNCTION = YES;
				GCC_WARN_UNUSED_VARIABLE = YES;
				IPHONEOS_DEPLOYMENT_TARGET = 8.4;
				MTL_ENABLE_DEBUG_INFO = NO;
				SDKROOT = iphoneos;
				VALIDATE_PRODUCT = YES;
			};
			name = Release;
		};
		34CAEC991B9C72160085EF29 /* Debug */ = {
			isa = XCBuildConfiguration;
			buildSettings = {
				ASSETCATALOG_COMPILER_APPICON_NAME = AppIcon;
				FRAMEWORK_SEARCH_PATHS = (
					"$(inherited)",
					"$(PROJECT_DIR)",
				);
				INFOPLIST_FILE = ViewLifecycle/Info.plist;
				IPHONEOS_DEPLOYMENT_TARGET = 7.0;
				LD_RUNPATH_SEARCH_PATHS = "$(inherited) @executable_path/Frameworks";
				PRODUCT_NAME = "$(TARGET_NAME)";
			};
			name = Debug;
		};
		34CAEC9A1B9C72160085EF29 /* Release */ = {
			isa = XCBuildConfiguration;
			buildSettings = {
				ASSETCATALOG_COMPILER_APPICON_NAME = AppIcon;
				FRAMEWORK_SEARCH_PATHS = (
					"$(inherited)",
					"$(PROJECT_DIR)",
				);
				INFOPLIST_FILE = ViewLifecycle/Info.plist;
				IPHONEOS_DEPLOYMENT_TARGET = 7.0;
				LD_RUNPATH_SEARCH_PATHS = "$(inherited) @executable_path/Frameworks";
				PRODUCT_NAME = "$(TARGET_NAME)";
			};
			name = Release;
		};
		34CAEC9C1B9C72160085EF29 /* Debug */ = {
			isa = XCBuildConfiguration;
			buildSettings = {
				BUNDLE_LOADER = "$(TEST_HOST)";
				FRAMEWORK_SEARCH_PATHS = (
					"$(SDKROOT)/Developer/Library/Frameworks",
					"$(inherited)",
				);
				GCC_PREPROCESSOR_DEFINITIONS = (
					"DEBUG=1",
					"$(inherited)",
				);
				INFOPLIST_FILE = ViewLifecycleTests/Info.plist;
				LD_RUNPATH_SEARCH_PATHS = "$(inherited) @executable_path/Frameworks @loader_path/Frameworks";
				PRODUCT_NAME = "$(TARGET_NAME)";
				TEST_HOST = "$(BUILT_PRODUCTS_DIR)/ViewLifecycle.app/ViewLifecycle";
			};
			name = Debug;
		};
		34CAEC9D1B9C72160085EF29 /* Release */ = {
			isa = XCBuildConfiguration;
			buildSettings = {
				BUNDLE_LOADER = "$(TEST_HOST)";
				FRAMEWORK_SEARCH_PATHS = (
					"$(SDKROOT)/Developer/Library/Frameworks",
					"$(inherited)",
				);
				INFOPLIST_FILE = ViewLifecycleTests/Info.plist;
				LD_RUNPATH_SEARCH_PATHS = "$(inherited) @executable_path/Frameworks @loader_path/Frameworks";
				PRODUCT_NAME = "$(TARGET_NAME)";
				TEST_HOST = "$(BUILT_PRODUCTS_DIR)/ViewLifecycle.app/ViewLifecycle";
			};
			name = Release;
		};
/* End XCBuildConfiguration section */

/* Begin XCConfigurationList section */
		34CAEC701B9C72150085EF29 /* Build configuration list for PBXProject "ViewLifecycle" */ = {
			isa = XCConfigurationList;
			buildConfigurations = (
				34CAEC961B9C72160085EF29 /* Debug */,
				34CAEC971B9C72160085EF29 /* Release */,
			);
			defaultConfigurationIsVisible = 0;
			defaultConfigurationName = Release;
		};
		34CAEC981B9C72160085EF29 /* Build configuration list for PBXNativeTarget "ViewLifecycle" */ = {
			isa = XCConfigurationList;
			buildConfigurations = (
				34CAEC991B9C72160085EF29 /* Debug */,
				34CAEC9A1B9C72160085EF29 /* Release */,
			);
			defaultConfigurationIsVisible = 0;
			defaultConfigurationName = Release;
		};
		34CAEC9B1B9C72160085EF29 /* Build configuration list for PBXNativeTarget "ViewLifecycleTests" */ = {
			isa = XCConfigurationList;
			buildConfigurations = (
				34CAEC9C1B9C72160085EF29 /* Debug */,
				34CAEC9D1B9C72160085EF29 /* Release */,
			);
			defaultConfigurationIsVisible = 0;
			defaultConfigurationName = Release;
		};
/* End XCConfigurationList section */
	};
	rootObject = 34CAEC6D1B9C72150085EF29 /* Project object */;
}
